github.com/icza/gog v0.0.0-20240529172513-3355cf65d018 h1:5SPFJCbm/boJpqPpzA/THc44Qi4wPQI0JVKZGCfdB+8=
github.com/icza/gog v0.0.0-20240529172513-3355cf65d018/go.mod h1:DfGPW5hjxzL8lvxIU3S1/jYrehLWYdue9RDw0FFA/fI=
golang.org/x/exp v0.0.0-20240213143201-ec583247a57a h1:HinSgX1tJRX3KsL//Gxynpw5CTOAIPhgL4W8PNiIpVE=
golang.org/x/exp v0.0.0-20240213143201-ec583247a57a/go.mod h1:CxmFvTBINI24O/j8iY7H1xHzx2i4OsyguNBmN/uPtqc=
gonum.org/v1/gonum v0.14.0 h1:2NiG67LD1tEH0D7kM+ps2V+fXmsAnpUeec7n8tcr4S0=
gonum.org/v1/gonum v0.14.0/go.mod h1:AoWeoz0becf9QMWtE8iWXNXc27fK4fNeHNf/oMejGfU=
